{
  "version": 4,
  "terraform_version": "1.3.9",
  "serial": 4,
  "lineage": "3a6db07e-c21a-8533-d531-f300297fdd96",
  "outputs": {},
  "resources": [
    {
      "mode": "managed",
      "type": "local_file",
      "name": "file_create",
      "provider": "provider[\"registry.terraform.io/hashicorp/local\"]",
      "instances": [
        {
          "schema_version": 0,
          "attributes": {
            "content": "Sample file to upload to bucket.",
            "content_base64": null,
            "directory_permission": "0777",
            "file_permission": "0777",
            "filename": "sample.txt",
            "id": "6d9968569471e3d2569ec2e259d96e12341e0b73",
            "sensitive_content": null,
            "source": null
          },
          "sensitive_attributes": []
        }
      ]
    }
  ],
  "check_results": null
}
